// !$*UTF8*$!
{
	archiveVersion = 1;
	classes = {
	};
	objectVersion = 50;
	objects = {

/* Begin PBXBuildFile section */
		F352C7F8266939170057A522 /* AppDelegate.swift in Sources */ = {isa = PBXBuildFile; fileRef = F352C7F7266939170057A522 /* AppDelegate.swift */; };
		F352C7FA266939170057A522 /* SceneDelegate.swift in Sources */ = {isa = PBXBuildFile; fileRef = F352C7F9266939170057A522 /* SceneDelegate.swift */; };
		F352C7FC266939170057A522 /* ViewController.swift in Sources */ = {isa = PBXBuildFile; fileRef = F352C7FB266939170057A522 /* ViewController.swift */; };
		F352C7FF266939170057A522 /* Main.storyboard in Resources */ = {isa = PBXBuildFile; fileRef = F352C7FD266939170057A522 /* Main.storyboard */; };
		F352C801266939170057A522 /* Assets.xcassets in Resources */ = {isa = PBXBuildFile; fileRef = F352C800266939170057A522 /* Assets.xcassets */; };
		F352C804266939170057A522 /* LaunchScreen.storyboard in Resources */ = {isa = PBXBuildFile; fileRef = F352C802266939170057A522 /* LaunchScreen.storyboard */; };
		F3D54FA22672806B0083B153 /* secondViewController.swift in Sources */ = {isa = PBXBuildFile; fileRef = F3D54FA12672806B0083B153 /* secondViewController.swift */; };
		F3FE07AD2678DC2B00CD971B /* ViewControllerB.swift in Sources */ = {isa = PBXBuildFile; fileRef = F3FE07AC2678DC2B00CD971B /* ViewControllerB.swift */; };
		F3FE07B02678DC3C00CD971B /* ViewControllerC.swift in Sources */ = {isa = PBXBuildFile; fileRef = F3FE07AF2678DC3C00CD971B /* ViewControllerC.swift */; };
/* End PBXBuildFile section */

/* Begin PBXFileReference section */
		F352C7F4266939170057A522 /* Symptom Tracker.app */ = {isa = PBXFileReference; explicitFileType = wrapper.application; includeInIndex = 0; path = "Symptom Tracker.app"; sourceTree = BUILT_PRODUCTS_DIR; };
		F352C7F7266939170057A522 /* AppDelegate.swift */ = {isa = PBXFileReference; lastKnownFileType = sourcecode.swift; path = AppDelegate.swift; sourceTree = "<group>"; };
		F352C7F9266939170057A522 /* SceneDelegate.swift */ = {isa = PBXFileReference; lastKnownFileType = sourcecode.swift; path = SceneDelegate.swift; sourceTree = "<group>"; };
		F352C7FB266939170057A522 /* ViewController.swift */ = {isa = PBXFileReference; lastKnownFileType = sourcecode.swift; path = ViewController.swift; sourceTree = "<group>"; };
		F352C7FE266939170057A522 /* Base */ = {isa = PBXFileReference; lastKnownFileType = file.storyboard; name = Base; path = Base.lproj/Main.storyboard; sourceTree = "<group>"; };
		F352C800266939170057A522 /* Assets.xcassets */ = {isa = PBXFileReference; lastKnownFileType = folder.assetcatalog; path = Assets.xcassets; sourceTree = "<group>"; };
		F352C803266939170057A522 /* Base */ = {isa = PBXFileReference; lastKnownFileType = file.storyboard; name = Base; path = Base.lproj/LaunchScreen.storyboard; sourceTree = "<group>"; };
		F352C805266939170057A522 /* Info.plist */ = {isa = PBXFileReference; lastKnownFileType = text.plist.xml; path = Info.plist; sourceTree = "<group>"; };
		F3D54FA12672806B0083B153 /* secondViewController.swift */ = {isa = PBXFileReference; lastKnownFileType = sourcecode.swift; path = secondViewController.swift; sourceTree = "<group>"; };
		F3FE07AC2678DC2B00CD971B /* ViewControllerB.swift */ = {isa = PBXFileReference; lastKnownFileType = sourcecode.swift; path = ViewControllerB.swift; sourceTree = "<group>"; };
		F3FE07AF2678DC3C00CD971B /* ViewControllerC.swift */ = {isa = PBXFileReference; lastKnownFileType = sourcecode.swift; path = ViewControllerC.swift; sourceTree = "<group>"; };
/* End PBXFileReference section */

/* Begin PBXFrameworksBuildPhase section */
		F352C7F1266939170057A522 /* Frameworks */ = {
			isa = PBXFrameworksBuildPhase;
			buildActionMask = 2147483647;
			files = (
			);
			runOnlyForDeploymentPostprocessing = 0;
		};
/* End PBXFrameworksBuildPhase section */

/* Begin PBXGroup section */
		F352C7EB266939170057A522 = {
			isa = PBXGroup;
			children = (
				F352C7F6266939170057A522 /* Symptom Tracker */,
				F352C7F5266939170057A522 /* Products */,
			);
			sourceTree = "<group>";
		};
		F352C7F5266939170057A522 /* Products */ = {
			isa = PBXGroup;
			children = (
				F352C7F4266939170057A522 /* Symptom Tracker.app */,
			);
			name = Products;
			sourceTree = "<group>";
		};
		F352C7F6266939170057A522 /* Symptom Tracker */ = {
			isa = PBXGroup;
			children = (
				F352C7F7266939170057A522 /* AppDelegate.swift */,
				F352C7F9266939170057A522 /* SceneDelegate.swift */,
				F352C7FB266939170057A522 /* ViewController.swift */,
				F3FE07AC2678DC2B00CD971B /* ViewControllerB.swift */,
				F3FE07AF2678DC3C00CD971B /* ViewControllerC.swift */,
				F352C7FD266939170057A522 /* Main.storyboard */,
				F352C800266939170057A522 /* Assets.xcassets */,
				F352C802266939170057A522 /* LaunchScreen.storyboard */,
				F352C805266939170057A522 /* Info.plist */,
				F3D54FA12672806B0083B153 /* secondViewController.swift */,
			);
			path = "Symptom Tracker";
			sourceTree = "<group>";
		};
/* End PBXGroup section */

/* Begin PBXNativeTarget section */
		F352C7F3266939170057A522 /* Symptom Tracker */ = {
			isa = PBXNativeTarget;
			buildConfigurationList = F352C808266939170057A522 /* Build configuration list for PBXNativeTarget "Symptom Tracker" */;
			buildPhases = (
				F352C7F0266939170057A522 /* Sources */,
				F352C7F1266939170057A522 /* Frameworks */,
				F352C7F2266939170057A522 /* Resources */,
			);
			buildRules = (
			);
			dependencies = (
			);
			name = "Symptom Tracker";
			productName = "Symptom Tracker";
			productReference = F352C7F4266939170057A522 /* Symptom Tracker.app */;
			productType = "com.apple.product-type.application";
		};
/* End PBXNativeTarget section */

/* Begin PBXProject section */
		F352C7EC266939170057A522 /* Project object */ = {
			isa = PBXProject;
			attributes = {
				LastSwiftUpdateCheck = 1240;
				LastUpgradeCheck = 1240;
				TargetAttributes = {
					F352C7F3266939170057A522 = {
						CreatedOnToolsVersion = 12.4;
					};
				};
			};
			buildConfigurationList = F352C7EF266939170057A522 /* Build configuration list for PBXProject "Symptom Tracker" */;
			compatibilityVersion = "Xcode 9.3";
			developmentRegion = en;
			hasScannedForEncodings = 0;
			knownRegions = (
				en,
				Base,
			);
			mainGroup = F352C7EB266939170057A522;
			productRefGroup = F352C7F5266939170057A522 /* Products */;
			projectDirPath = "";
			projectRoot = "";
			targets = (
				F352C7F3266939170057A522 /* Symptom Tracker */,
			);
		};
/* End PBXProject section */

/* Begin PBXResourcesBuildPhase section */
		F352C7F2266939170057A522 /* Resources */ = {
			isa = PBXResourcesBuildPhase;
			buildActionMask = 2147483647;
			files = (
				F352C804266939170057A522 /* LaunchScreen.storyboard in Resources */,
				F352C801266939170057A522 /* Assets.xcassets in Resources */,
				F352C7FF266939170057A522 /* Main.storyboard in Resources */,
			);
			runOnlyForDeploymentPostprocessing = 0;
		};
/* End PBXResourcesBuildPhase section */

/* Begin PBXSourcesBuildPhase section */
		F352C7F0266939170057A522 /* Sources */ = {
			isa = PBXSourcesBuildPhase;
			buildActionMask = 2147483647;
			files = (
				F3FE07B02678DC3C00CD971B /* ViewControllerC.swift in Sources */,
				F3D54FA22672806B0083B153 /* secondViewController.swift in Sources */,
				F352C7FC266939170057A522 /* ViewController.swift in Sources */,
				F3FE07AD2678DC2B00CD971B /* ViewControllerB.swift in Sources */,
				F352C7F8266939170057A522 /* AppDelegate.swift in Sources */,
				F352C7FA266939170057A522 /* SceneDelegate.swift in Sources */,
			);
			runOnlyForDeploymentPostprocessing = 0;
		};
/* End PBXSourcesBuildPhase section */

/* Begin PBXVariantGroup section */
		F352C7FD266939170057A522 /* Main.storyboard */ = {
			isa = PBXVariantGroup;
			children = (
				F352C7FE266939170057A522 /* Base */,
			);
			name = Main.storyboard;
			sourceTree = "<group>";
		};
		F352C802266939170057A522 /* LaunchScreen.storyboard */ = {
			isa = PBXVariantGroup;
			children = (
				F352C803266939170057A522 /* Base */,
			);
			name = LaunchScreen.storyboard;
			sourceTree = "<group>";
		};
/* End PBXVariantGroup section */

/* Begin XCBuildConfiguration section */
		F352C806266939170057A522 /* Debug */ = {
			isa = XCBuildConfiguration;
			buildSettings = {
				ALWAYS_SEARCH_USER_PATHS = NO;
				CLANG_ANALYZER_NONNULL = YES;
				CLANG_ANALYZER_NUMBER_OBJECT_CONVERSION = YES_AGGRESSIVE;
				CLANG_CXX_LANGUAGE_STANDARD = "gnu++14";
				CLANG_CXX_LIBRARY = "libc++";
				CLANG_ENABLE_MODULES = YES;
				CLANG_ENABLE_OBJC_ARC = YES;
				CLANG_ENABLE_OBJC_WEAK = YES;
				CLANG_WARN_BLOCK_CAPTURE_AUTORELEASING = YES;
				CLANG_WARN_BOOL_CONVERSION = YES;
				CLANG_WARN_COMMA = YES;
				CLANG_WARN_CONSTANT_CONVERSION = YES;
				CLANG_WARN_DEPRECATED_OBJC_IMPLEMENTATIONS = YES;
				CLANG_WARN_DIRECT_OBJC_ISA_USAGE = YES_ERROR;
				CLANG_WARN_DOCUMENTATION_COMMENTS = YES;
				CLANG_WARN_EMPTY_BODY = YES;
				CLANG_WARN_ENUM_CONVERSION = YES;
				CLANG_WARN_INFINITE_RECURSION = YES;
				CLANG_WARN_INT_CONVERSION = YES;
				CLANG_WARN_NON_LITERAL_NULL_CONVERSION = YES;
				CLANG_WARN_OBJC_IMPLICIT_RETAIN_SELF = YES;
				CLANG_WARN_OBJC_LITERAL_CONVERSION = YES;
				CLANG_WARN_OBJC_ROOT_CLASS = YES_ERROR;
				CLANG_WARN_QUOTED_INCLUDE_IN_FRAMEWORK_HEADER = YES;
				CLANG_WARN_RANGE_LOOP_ANALYSIS = YES;
				CLANG_WARN_STRICT_PROTOTYPES = YES;
				CLANG_WARN_SUSPICIOUS_MOVE = YES;
				CLANG_WARN_UNGUARDED_AVAILABILITY = YES_AGGRESSIVE;
				CLANG_WARN_UNREACHABLE_CODE = YES;
				CLANG_WARN__DUPLICATE_METHOD_MATCH = YES;
				COPY_PHASE_STRIP = NO;
				DEBUG_INFORMATION_FORMAT = dwarf;
				ENABLE_STRICT_OBJC_MSGSEND = YES;
				ENABLE_TESTABILITY = YES;
				GCC_C_LANGUAGE_STANDARD = gnu11;
				GCC_DYNAMIC_NO_PIC = NO;
				GCC_NO_COMMON_BLOCKS = YES;
				GCC_OPTIMIZATION_LEVEL = 0;
				GCC_PREPROCESSOR_DEFINITIONS = (
					"DEBUG=1",
					"$(inherited)",
				);
				GCC_WARN_64_TO_32_BIT_CONVERSION = YES;
				GCC_WARN_ABOUT_RETURN_TYPE = YES_ERROR;
				GCC_WARN_UNDECLARED_SELECTOR = YES;
				GCC_WARN_UNINITIALIZED_AUTOS = YES_AGGRESSIVE;
				GCC_WARN_UNUSED_FUNCTION = YES;
				GCC_WARN_UNUSED_VARIABLE = YES;
				IPHONEOS_DEPLOYMENT_TARGET = 14.4;
				MTL_ENABLE_DEBUG_INFO = INCLUDE_SOURCE;
				MTL_FAST_MATH = YES;
				ONLY_ACTIVE_ARCH = YES;
				SDKROOT = iphoneos;
				SWIFT_ACTIVE_COMPILATION_CONDITIONS = DEBUG;
				SWIFT_OPTIMIZATION_LEVEL = "-Onone";
			};
			name = Debug;
		};
		F352C807266939170057A522 /* Release */ = {
			isa = XCBuildConfiguration;
			buildSettings = {
				ALWAYS_SEARCH_USER_PATHS = NO;
				CLANG_ANALYZER_NONNULL = YES;
				CLANG_ANALYZER_NUMBER_OBJECT_CONVERSION = YES_AGGRESSIVE;
				CLANG_CXX_LANGUAGE_STANDARD = "gnu++14";
				CLANG_CXX_LIBRARY = "libc++";
				CLANG_ENABLE_MODULES = YES;
				CLANG_ENABLE_OBJC_ARC = YES;
				CLANG_ENABLE_OBJC_WEAK = YES;
				CLANG_WARN_BLOCK_CAPTURE_AUTORELEASING = YES;
				CLANG_WARN_BOOL_CONVERSION = YES;
				CLANG_WARN_COMMA = YES;
				CLANG_WARN_CONSTANT_CONVERSION = YES;
				CLANG_WARN_DEPRECATED_OBJC_IMPLEMENTATIONS = YES;
				CLANG_WARN_DIRECT_OBJC_ISA_USAGE = YES_ERROR;
				CLANG_WARN_DOCUMENTATION_COMMENTS = YES;
				CLANG_WARN_EMPTY_BODY = YES;
				CLANG_WARN_ENUM_CONVERSION = YES;
				CLANG_WARN_INFINITE_RECURSION = YES;
				CLANG_WARN_INT_CONVERSION = YES;
				CLANG_WARN_NON_LITERAL_NULL_CONVERSION = YES;
				CLANG_WARN_OBJC_IMPLICIT_RETAIN_SELF = YES;
				CLANG_WARN_OBJC_LITERAL_CONVERSION = YES;
				CLANG_WARN_OBJC_ROOT_CLASS = YES_ERROR;
				CLANG_WARN_QUOTED_INCLUDE_IN_FRAMEWORK_HEADER = YES;
				CLANG_WARN_RANGE_LOOP_ANALYSIS = YES;
				CLANG_WARN_STRICT_PROTOTYPES = YES;
				CLANG_WARN_SUSPICIOUS_MOVE = YES;
				CLANG_WARN_UNGUARDED_AVAILABILITY = YES_AGGRESSIVE;
				CLANG_WARN_UNREACHABLE_CODE = YES;
				CLANG_WARN__DUPLICATE_METHOD_MATCH = YES;
				COPY_PHASE_STRIP = NO;
				DEBUG_INFORMATION_FORMAT = "dwarf-with-dsym";
				ENABLE_NS_ASSERTIONS = NO;
				ENABLE_STRICT_OBJC_MSGSEND = YES;
				GCC_C_LANGUAGE_STANDARD = gnu11;
				GCC_NO_COMMON_BLOCKS = YES;
				GCC_WARN_64_TO_32_BIT_CONVERSION = YES;
				GCC_WARN_ABOUT_RETURN_TYPE = YES_ERROR;
				GCC_WARN_UNDECLARED_SELECTOR = YES;
				GCC_WARN_UNINITIALIZED_AUTOS = YES_AGGRESSIVE;
				GCC_WARN_UNUSED_FUNCTION = YES;
				GCC_WARN_UNUSED_VARIABLE = YES;
				IPHONEOS_DEPLOYMENT_TARGET = 14.4;
				MTL_ENABLE_DEBUG_INFO = NO;
				MTL_FAST_MATH = YES;
				SDKROOT = iphoneos;
				SWIFT_COMPILATION_MODE = wholemodule;
				SWIFT_OPTIMIZATION_LEVEL = "-O";
				VALIDATE_PRODUCT = YES;
			};
			name = Release;
		};
		F352C809266939170057A522 /* Debug */ = {
			isa = XCBuildConfiguration;
			buildSettings = {
				ASSETCATALOG_COMPILER_APPICON_NAME = AppIcon;
				ASSETCATALOG_COMPILER_GLOBAL_ACCENT_COLOR_NAME = AccentColor;
				CODE_SIGN_STYLE = Automatic;
				DEVELOPMENT_TEAM = JHBHGGZJY7;
				INFOPLIST_FILE = "Symptom Tracker/Info.plist";
				LD_RUNPATH_SEARCH_PATHS = (
					"$(inherited)",
					"@executable_path/Frameworks",
				);
				PRODUCT_BUNDLE_IDENTIFIER = "com.cvr-Long-Covid.Symptom-Tracker";
				PRODUCT_NAME = "$(TARGET_NAME)";
				SWIFT_VERSION = 5.0;
				TARGETED_DEVICE_FAMILY = "1,2";
			};
			name = Debug;
		};
		F352C80A266939170057A522 /* Release */ = {
			isa = XCBuildConfiguration;
			buildSettings = {
				ASSETCATALOG_COMPILER_APPICON_NAME = AppIcon;
				ASSETCATALOG_COMPILER_GLOBAL_ACCENT_COLOR_NAME = AccentColor;
				CODE_SIGN_STYLE = Automatic;
				DEVELOPMENT_TEAM = JHBHGGZJY7;
				INFOPLIST_FILE = "Symptom Tracker/Info.plist";
				LD_RUNPATH_SEARCH_PATHS = (
					"$(inherited)",
					"@executable_path/Frameworks",
				);
				PRODUCT_BUNDLE_IDENTIFIER = "com.cvr-Long-Covid.Symptom-Tracker";
				PRODUCT_NAME = "$(TARGET_NAME)";
				SWIFT_VERSION = 5.0;
				TARGETED_DEVICE_FAMILY = "1,2";
			};
			name = Release;
		};
/* End XCBuildConfiguration section */

/* Begin XCConfigurationList section */
		F352C7EF266939170057A522 /* Build configuration list for PBXProject "Symptom Tracker" */ = {
			isa = XCConfigurationList;
			buildConfigurations = (
				F352C806266939170057A522 /* Debug */,
				F352C807266939170057A522 /* Release */,
			);
			defaultConfigurationIsVisible = 0;
			defaultConfigurationName = Release;
		};
		F352C808266939170057A522 /* Build configuration list for PBXNativeTarget "Symptom Tracker" */ = {
			isa = XCConfigurationList;
			buildConfigurations = (
				F352C809266939170057A522 /* Debug */,
				F352C80A266939170057A522 /* Release */,
			);
			defaultConfigurationIsVisible = 0;
			defaultConfigurationName = Release;
		};
/* End XCConfigurationList section */
	};
	rootObject = F352C7EC266939170057A522 /* Project object */;
}
